
Microsoft Visual Studio Solution File, Format Version 12.00
# Visual Studio Version 16
VisualStudioVersion = 16.0.31205.134
MinimumVisualStudioVersion = 10.0.40219.1
Project("{9A19103F-16F7-4668-BE54-9A1E7A4F7556}") = "Animals", "Animals\Animals.csproj", "{13DCF6E8-6599-4555-B985-54B25B389068}"
EndProject
Project("{9A19103F-16F7-4668-BE54-9A1E7A4F7556}") = "PersonsInfo", "PersonsInfo\PersonsInfo.csproj", "{26420FB4-287F-4374-B809-14A79518736A}"
EndProject
Project("{9A19103F-16F7-4668-BE54-9A1E7A4F7556}") = "ClassBoxData", "ClassBoxData\ClassBoxData.csproj", "{4CD1AEA1-79A1-4AEE-95C2-3600A172DE26}"
EndProject
Project("{9A19103F-16F7-4668-BE54-9A1E7A4F7556}") = "ShoppingSpree", "ShoppingSpree\ShoppingSpree.csproj", "{E8DE415E-5A54-40D8-90E0-2B07B214F200}"
EndProject
Project("{9A19103F-16F7-4668-BE54-9A1E7A4F7556}") = "PizzaCalories", "PizzaCalories\PizzaCalories.csproj", "{37A26CBF-1A25-4E60-BDC5-9C7CA77180C1}"
EndProject
Project("{FAE04EC0-301F-11D3-BF4B-00C04F79EFBC}") = "FootballTeamGenerator", "FootballTeamGenerator\FootballTeamGenerator.csproj", "{46D7D3E3-7D42-4D8A-9420-1674F0B50F7A}"
EndProject
Project("{FAE04EC0-301F-11D3-BF4B-00C04F79EFBC}") = "Shapes", "Shapes\Shapes.csproj", "{0266AF58-4DB0-4D76-96B3-BB89E94878E1}"
EndProject
Project("{FAE04EC0-301F-11D3-BF4B-00C04F79EFBC}") = "Car", "Car\Car.csproj", "{7AD5A410-8D09-40A7-B3DB-2E9F2892FB00}"
EndProject
Project("{FAE04EC0-301F-11D3-BF4B-00C04F79EFBC}") = "PersonInfo", "PersonInfo\PersonInfo.csproj", "{FD132679-78E1-4AD5-BA92-24824A4439DB}"
EndProject
Project("{FAE04EC0-301F-11D3-BF4B-00C04F79EFBC}") = "Telephony", "Telephony\Telephony.csproj", "{38B472E1-94A1-47A3-91EB-844992441A1D}"
EndProject
Project("{FAE04EC0-301F-11D3-BF4B-00C04F79EFBC}") = "BorderControl", "BorderControl\BorderControl.csproj", "{81DAE332-8F22-441E-B4F5-A20B7CC27E84}"
EndProject
Project("{FAE04EC0-301F-11D3-BF4B-00C04F79EFBC}") = "MilitaryElite", "MilitaryElite\MilitaryElite.csproj", "{D8C6C15C-633A-4679-A016-99FB67756372}"
EndProject
Project("{FAE04EC0-301F-11D3-BF4B-00C04F79EFBC}") = "CollectionHierarchy", "CollectionHierarchy\CollectionHierarchy.csproj", "{4D567E23-8862-4BA9-A480-5F8228CE7444}"
EndProject
Project("{FAE04EC0-301F-11D3-BF4B-00C04F79EFBC}") = "ExplicitInterfaces", "ExplicitInterfaces\ExplicitInterfaces.csproj", "{B196E2A9-16E6-40E4-8638-554F6FDBAA23}"
EndProject
Project("{FAE04EC0-301F-11D3-BF4B-00C04F79EFBC}") = "Operations", "Operations\Operations.csproj", "{01B8B0D6-2BD6-4B67-AB33-E62864F2FCAC}"
EndProject
Project("{FAE04EC0-301F-11D3-BF4B-00C04F79EFBC}") = "Animal", "Animal\Animal.csproj", "{5E32CA39-E391-4410-B892-687039E32435}"
EndProject
Project("{FAE04EC0-301F-11D3-BF4B-00C04F79EFBC}") = "Shapes2", "Shapes2\Shapes2.csproj", "{FFD19489-46CD-4C74-AEFA-96B607EC8BAA}"
EndProject
Project("{FAE04EC0-301F-11D3-BF4B-00C04F79EFBC}") = "Vehicles", "Vehicles\Vehicles.csproj", "{484A38A5-1FFC-4D78-AAC2-3FB16C56911C}"
EndProject
Global
	GlobalSection(SolutionConfigurationPlatforms) = preSolution
		Debug|Any CPU = Debug|Any CPU
		Release|Any CPU = Release|Any CPU
	EndGlobalSection
	GlobalSection(ProjectConfigurationPlatforms) = postSolution
		{13DCF6E8-6599-4555-B985-54B25B389068}.Debug|Any CPU.ActiveCfg = Debug|Any CPU
		{13DCF6E8-6599-4555-B985-54B25B389068}.Debug|Any CPU.Build.0 = Debug|Any CPU
		{13DCF6E8-6599-4555-B985-54B25B389068}.Release|Any CPU.ActiveCfg = Release|Any CPU
		{13DCF6E8-6599-4555-B985-54B25B389068}.Release|Any CPU.Build.0 = Release|Any CPU
		{26420FB4-287F-4374-B809-14A79518736A}.Debug|Any CPU.ActiveCfg = Debug|Any CPU
		{26420FB4-287F-4374-B809-14A79518736A}.Debug|Any CPU.Build.0 = Debug|Any CPU
		{26420FB4-287F-4374-B809-14A79518736A}.Release|Any CPU.ActiveCfg = Release|Any CPU
		{26420FB4-287F-4374-B809-14A79518736A}.Release|Any CPU.Build.0 = Release|Any CPU
		{4CD1AEA1-79A1-4AEE-95C2-3600A172DE26}.Debug|Any CPU.ActiveCfg = Debug|Any CPU
		{4CD1AEA1-79A1-4AEE-95C2-3600A172DE26}.Debug|Any CPU.Build.0 = Debug|Any CPU
		{4CD1AEA1-79A1-4AEE-95C2-3600A172DE26}.Release|Any CPU.ActiveCfg = Release|Any CPU
		{4CD1AEA1-79A1-4AEE-95C2-3600A172DE26}.Release|Any CPU.Build.0 = Release|Any CPU
		{E8DE415E-5A54-40D8-90E0-2B07B214F200}.Debug|Any CPU.ActiveCfg = Debug|Any CPU
		{E8DE415E-5A54-40D8-90E0-2B07B214F200}.Debug|Any CPU.Build.0 = Debug|Any CPU
		{E8DE415E-5A54-40D8-90E0-2B07B214F200}.Release|Any CPU.ActiveCfg = Release|Any CPU
		{E8DE415E-5A54-40D8-90E0-2B07B214F200}.Release|Any CPU.Build.0 = Release|Any CPU
		{37A26CBF-1A25-4E60-BDC5-9C7CA77180C1}.Debug|Any CPU.ActiveCfg = Debug|Any CPU
		{37A26CBF-1A25-4E60-BDC5-9C7CA77180C1}.Debug|Any CPU.Build.0 = Debug|Any CPU
		{37A26CBF-1A25-4E60-BDC5-9C7CA77180C1}.Release|Any CPU.ActiveCfg = Release|Any CPU
		{37A26CBF-1A25-4E60-BDC5-9C7CA77180C1}.Release|Any CPU.Build.0 = Release|Any CPU
		{46D7D3E3-7D42-4D8A-9420-1674F0B50F7A}.Debug|Any CPU.ActiveCfg = Debug|Any CPU
		{46D7D3E3-7D42-4D8A-9420-1674F0B50F7A}.Debug|Any CPU.Build.0 = Debug|Any CPU
		{46D7D3E3-7D42-4D8A-9420-1674F0B50F7A}.Release|Any CPU.ActiveCfg = Release|Any CPU
		{46D7D3E3-7D42-4D8A-9420-1674F0B50F7A}.Release|Any CPU.Build.0 = Release|Any CPU
		{0266AF58-4DB0-4D76-96B3-BB89E94878E1}.Debug|Any CPU.ActiveCfg = Debug|Any CPU
		{0266AF58-4DB0-4D76-96B3-BB89E94878E1}.Debug|Any CPU.Build.0 = Debug|Any CPU
		{0266AF58-4DB0-4D76-96B3-BB89E94878E1}.Release|Any CPU.ActiveCfg = Release|Any CPU
		{0266AF58-4DB0-4D76-96B3-BB89E94878E1}.Release|Any CPU.Build.0 = Release|Any CPU
		{7AD5A410-8D09-40A7-B3DB-2E9F2892FB00}.Debug|Any CPU.ActiveCfg = Debug|Any CPU
		{7AD5A410-8D09-40A7-B3DB-2E9F2892FB00}.Debug|Any CPU.Build.0 = Debug|Any CPU
		{7AD5A410-8D09-40A7-B3DB-2E9F2892FB00}.Release|Any CPU.ActiveCfg = Release|Any CPU
		{7AD5A410-8D09-40A7-B3DB-2E9F2892FB00}.Release|Any CPU.Build.0 = Release|Any CPU
		{FD132679-78E1-4AD5-BA92-24824A4439DB}.Debug|Any CPU.ActiveCfg = Debug|Any CPU
		{FD132679-78E1-4AD5-BA92-24824A4439DB}.Debug|Any CPU.Build.0 = Debug|Any CPU
		{FD132679-78E1-4AD5-BA92-24824A4439DB}.Release|Any CPU.ActiveCfg = Release|Any CPU
		{FD132679-78E1-4AD5-BA92-24824A4439DB}.Release|Any CPU.Build.0 = Release|Any CPU
		{38B472E1-94A1-47A3-91EB-844992441A1D}.Debug|Any CPU.ActiveCfg = Debug|Any CPU
		{38B472E1-94A1-47A3-91EB-844992441A1D}.Debug|Any CPU.Build.0 = Debug|Any CPU
		{38B472E1-94A1-47A3-91EB-844992441A1D}.Release|Any CPU.ActiveCfg = Release|Any CPU
		{38B472E1-94A1-47A3-91EB-844992441A1D}.Release|Any CPU.Build.0 = Release|Any CPU
		{81DAE332-8F22-441E-B4F5-A20B7CC27E84}.Debug|Any CPU.ActiveCfg = Debug|Any CPU
		{81DAE332-8F22-441E-B4F5-A20B7CC27E84}.Debug|Any CPU.Build.0 = Debug|Any CPU
		{81DAE332-8F22-441E-B4F5-A20B7CC27E84}.Release|Any CPU.ActiveCfg = Release|Any CPU
		{81DAE332-8F22-441E-B4F5-A20B7CC27E84}.Release|Any CPU.Build.0 = Release|Any CPU
		{D8C6C15C-633A-4679-A016-99FB67756372}.Debug|Any CPU.ActiveCfg = Debug|Any CPU
		{D8C6C15C-633A-4679-A016-99FB67756372}.Debug|Any CPU.Build.0 = Debug|Any CPU
		{D8C6C15C-633A-4679-A016-99FB67756372}.Release|Any CPU.ActiveCfg = Release|Any CPU
		{D8C6C15C-633A-4679-A016-99FB67756372}.Release|Any CPU.Build.0 = Release|Any CPU
		{4D567E23-8862-4BA9-A480-5F8228CE7444}.Debug|Any CPU.ActiveCfg = Debug|Any CPU
		{4D567E23-8862-4BA9-A480-5F8228CE7444}.Debug|Any CPU.Build.0 = Debug|Any CPU
		{4D567E23-8862-4BA9-A480-5F8228CE7444}.Release|Any CPU.ActiveCfg = Release|Any CPU
		{4D567E23-8862-4BA9-A480-5F8228CE7444}.Release|Any CPU.Build.0 = Release|Any CPU
		{B196E2A9-16E6-40E4-8638-554F6FDBAA23}.Debug|Any CPU.ActiveCfg = Debug|Any CPU
		{B196E2A9-16E6-40E4-8638-554F6FDBAA23}.Debug|Any CPU.Build.0 = Debug|Any CPU
		{B196E2A9-16E6-40E4-8638-554F6FDBAA23}.Release|Any CPU.ActiveCfg = Release|Any CPU
		{B196E2A9-16E6-40E4-8638-554F6FDBAA23}.Release|Any CPU.Build.0 = Release|Any CPU
		{01B8B0D6-2BD6-4B67-AB33-E62864F2FCAC}.Debug|Any CPU.ActiveCfg = Debug|Any CPU
		{01B8B0D6-2BD6-4B67-AB33-E62864F2FCAC}.Debug|Any CPU.Build.0 = Debug|Any CPU
		{01B8B0D6-2BD6-4B67-AB33-E62864F2FCAC}.Release|Any CPU.ActiveCfg = Release|Any CPU
		{01B8B0D6-2BD6-4B67-AB33-E62864F2FCAC}.Release|Any CPU.Build.0 = Release|Any CPU
		{5E32CA39-E391-4410-B892-687039E32435}.Debug|Any CPU.ActiveCfg = Debug|Any CPU
		{5E32CA39-E391-4410-B892-687039E32435}.Debug|Any CPU.Build.0 = Debug|Any CPU
		{5E32CA39-E391-4410-B892-687039E32435}.Release|Any CPU.ActiveCfg = Release|Any CPU
		{5E32CA39-E391-4410-B892-687039E32435}.Release|Any CPU.Build.0 = Release|Any CPU
		{FFD19489-46CD-4C74-AEFA-96B607EC8BAA}.Debug|Any CPU.ActiveCfg = Debug|Any CPU
		{FFD19489-46CD-4C74-AEFA-96B607EC8BAA}.Debug|Any CPU.Build.0 = Debug|Any CPU
		{FFD19489-46CD-4C74-AEFA-96B607EC8BAA}.Release|Any CPU.ActiveCfg = Release|Any CPU
		{FFD19489-46CD-4C74-AEFA-96B607EC8BAA}.Release|Any CPU.Build.0 = Release|Any CPU
		{484A38A5-1FFC-4D78-AAC2-3FB16C56911C}.Debug|Any CPU.ActiveCfg = Debug|Any CPU
		{484A38A5-1FFC-4D78-AAC2-3FB16C56911C}.Debug|Any CPU.Build.0 = Debug|Any CPU
		{484A38A5-1FFC-4D78-AAC2-3FB16C56911C}.Release|Any CPU.ActiveCfg = Release|Any CPU
		{484A38A5-1FFC-4D78-AAC2-3FB16C56911C}.Release|Any CPU.Build.0 = Release|Any CPU
	EndGlobalSection
	GlobalSection(SolutionProperties) = preSolution
		HideSolutionNode = FALSE
	EndGlobalSection
	GlobalSection(ExtensibilityGlobals) = postSolution
		SolutionGuid = {5FEC53E6-9F23-45B2-A10F-57B3ECF814DB}
	EndGlobalSection
EndGlobal
